
Microsoft Visual Studio Solution File, Format Version 12.00
# Visual Studio Version 17
VisualStudioVersion = 17.3.32825.248
MinimumVisualStudioVersion = 10.0.40219.1
Project("{FAE04EC0-301F-11D3-BF4B-00C04F79EFBC}") = "ReactPeopleBackend.Web", "ReactPeopleBackend.Web\ReactPeopleBackend.Web.csproj", "{0E2C12F5-B525-4A8A-A67B-5ED13BC7B73E}"
EndProject
Project("{FAE04EC0-301F-11D3-BF4B-00C04F79EFBC}") = "ReactPeopleBackend.Data", "ReactPeopleBackend.Data\ReactPeopleBackend.Data.csproj", "{7A092C97-021A-4EC7-83EB-30643EB7D0B1}"
EndProject
Global
	GlobalSection(SolutionConfigurationPlatforms) = preSolution
		Debug|Any CPU = Debug|Any CPU
		Release|Any CPU = Release|Any CPU
	EndGlobalSection
	GlobalSection(ProjectConfigurationPlatforms) = postSolution
		{0E2C12F5-B525-4A8A-A67B-5ED13BC7B73E}.Debug|Any CPU.ActiveCfg = Debug|Any CPU
		{0E2C12F5-B525-4A8A-A67B-5ED13BC7B73E}.Debug|Any CPU.Build.0 = Debug|Any CPU
		{0E2C12F5-B525-4A8A-A67B-5ED13BC7B73E}.Release|Any CPU.ActiveCfg = Release|Any CPU
		{0E2C12F5-B525-4A8A-A67B-5ED13BC7B73E}.Release|Any CPU.Build.0 = Release|Any CPU
		{7A092C97-021A-4EC7-83EB-30643EB7D0B1}.Debug|Any CPU.ActiveCfg = Debug|Any CPU
		{7A092C97-021A-4EC7-83EB-30643EB7D0B1}.Debug|Any CPU.Build.0 = Debug|Any CPU
		{7A092C97-021A-4EC7-83EB-30643EB7D0B1}.Release|Any CPU.ActiveCfg = Release|Any CPU
		{7A092C97-021A-4EC7-83EB-30643EB7D0B1}.Release|Any CPU.Build.0 = Release|Any CPU
	EndGlobalSection
	GlobalSection(SolutionProperties) = preSolution
		HideSolutionNode = FALSE
	EndGlobalSection
	GlobalSection(ExtensibilityGlobals) = postSolution
		SolutionGuid = {36F0153B-3D2E-47D3-BDC9-F69DBAE8B600}
	EndGlobalSection
EndGlobal
